<?xml version="1.0" encoding="UTF-8"?>
<Scheme
   LastUpgradeVersion = "1620"
   version = "1.7">
   <BuildAction
      parallelizeBuildables = "YES"
      buildImplicitDependencies = "YES"
      buildArchitectures = "Automatic">
      <BuildActionEntries>
         <BuildActionEntry
            buildForTesting = "YES"
            buildForRunning = "YES"
            buildForProfiling = "YES"
            buildForArchiving = "YES"
            buildForAnalyzing = "YES">
            <BuildableReference
               BuildableIdentifier = "primary"
               BlueprintIdentifier = "0031B5412D7CD5AF008FB6F7"
               BuildableName = "NibbleTest.app"
               BlueprintName = "NibbleTest"
               ReferencedContainer = "container:NibbleTest.xcodeproj">
            </BuildableReference>
         </BuildActionEntry>
      </BuildActionEntries>
   </BuildAction>
   <TestAction
      buildConfiguration = "Debug"
      selectedDebuggerIdentifier = "Xcode.DebuggerFoundation.Debugger.LLDB"
      selectedLauncherIdentifier = "Xcode.DebuggerFoundation.Launcher.LLDB"
      shouldUseLaunchSchemeArgsEnv = "YES"
      shouldAutocreateTestPlan = "YES">
      <Testables>
         <TestableReference
            skipped = "NO"
            parallelizable = "YES">
            <BuildableReference
               BuildableIdentifier = "primary"
               BlueprintIdentifier = "0031B5522D7CD5B1008FB6F7"
               BuildableName = "NibbleTestTests.xctest"
               BlueprintName = "NibbleTestTests"
               ReferencedContainer = "container:NibbleTest.xcodeproj">
            </BuildableReference>
         </TestableReference>
         <TestableReference
            skipped = "NO"
            parallelizable = "YES">
            <BuildableReference
               BuildableIdentifier = "primary"
               BlueprintIdentifier = "0031B55C2D7CD5B1008FB6F7"
               BuildableName = "NibbleTestUITests.xctest"
               BlueprintName = "NibbleTestUITests"
               ReferencedContainer = "container:NibbleTest.xcodeproj">
            </BuildableReference>
         </TestableReference>
      </Testables>
   </TestAction>
   <LaunchAction
      buildConfiguration = "Debug"
      selectedDebuggerIdentifier = "Xcode.DebuggerFoundation.Debugger.LLDB"
      selectedLauncherIdentifier = "Xcode.DebuggerFoundation.Launcher.LLDB"
      launchStyle = "0"
      useCustomWorkingDirectory = "NO"
      ignoresPersistentStateOnLaunch = "NO"
      debugDocumentVersioning = "YES"
      debugServiceExtension = "internal"
      allowLocationSimulation = "YES">
      <BuildableProductRunnable
         runnableDebuggingMode = "0">
         <BuildableReference
            BuildableIdentifier = "primary"
            BlueprintIdentifier = "0031B5412D7CD5AF008FB6F7"
            BuildableName = "NibbleTest.app"
            BlueprintName = "NibbleTest"
            ReferencedContainer = "container:NibbleTest.xcodeproj">
         </BuildableReference>
      </BuildableProductRunnable>
      <EnvironmentVariables>
         <EnvironmentVariable
            key = "OPENAI_API_KEY"
            value = "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"
            isEnabled = "YES">
         </EnvironmentVariable>
         <EnvironmentVariable
            key = "GOOGLE_API_KEY"
            value = "AIzaSyCBs0hnpDfbwapDsZ7yubYCOFkQ-jpcYHo"
            isEnabled = "YES">
         </EnvironmentVariable>
      </EnvironmentVariables>
   </LaunchAction>
   <ProfileAction
      buildConfiguration = "Release"
      shouldUseLaunchSchemeArgsEnv = "YES"
      savedToolIdentifier = ""
      useCustomWorkingDirectory = "NO"
      debugDocumentVersioning = "YES">
      <BuildableProductRunnable
         runnableDebuggingMode = "0">
         <BuildableReference
            BuildableIdentifier = "primary"
            BlueprintIdentifier = "0031B5412D7CD5AF008FB6F7"
            BuildableName = "NibbleTest.app"
            BlueprintName = "NibbleTest"
            ReferencedContainer = "container:NibbleTest.xcodeproj">
         </BuildableReference>
      </BuildableProductRunnable>
   </ProfileAction>
   <AnalyzeAction
      buildConfiguration = "Debug">
   </AnalyzeAction>
   <ArchiveAction
      buildConfiguration = "Release"
      revealArchiveInOrganizer = "YES">
   </ArchiveAction>
</Scheme>
